
Microsoft Visual Studio Solution File, Format Version 12.00
# Visual Studio Version 16
VisualStudioVersion = 16.0.32413.511
MinimumVisualStudioVersion = 10.0.40219.1
Project("{9A19103F-16F7-4668-BE54-9A1E7A4F7556}") = "SegundaPagina", "SegundaPagina\SegundaPagina.csproj", "{11ECFEBA-0EA9-457F-A99F-588ED6DA5E59}"
EndProject
Global
	GlobalSection(SolutionConfigurationPlatforms) = preSolution
		Debug|Any CPU = Debug|Any CPU
		Release|Any CPU = Release|Any CPU
	EndGlobalSection
	GlobalSection(ProjectConfigurationPlatforms) = postSolution
		{11ECFEBA-0EA9-457F-A99F-588ED6DA5E59}.Debug|Any CPU.ActiveCfg = Debug|Any CPU
		{11ECFEBA-0EA9-457F-A99F-588ED6DA5E59}.Debug|Any CPU.Build.0 = Debug|Any CPU
		{11ECFEBA-0EA9-457F-A99F-588ED6DA5E59}.Release|Any CPU.ActiveCfg = Release|Any CPU
		{11ECFEBA-0EA9-457F-A99F-588ED6DA5E59}.Release|Any CPU.Build.0 = Release|Any CPU
	EndGlobalSection
	GlobalSection(SolutionProperties) = preSolution
		HideSolutionNode = FALSE
	EndGlobalSection
	GlobalSection(ExtensibilityGlobals) = postSolution
		SolutionGuid = {A554BA61-E4DA-45F9-B6C3-BE51CD7D02D9}
	EndGlobalSection
EndGlobal
